{
  "version": 4,
  "terraform_version": "1.8.4",
  "serial": 32,
  "lineage": "3d8c8b5f-6e04-02bc-efae-26a2efd5e309",
  "outputs": {
    "cluster_name": {
      "value": "ce5-group-3-ekscluster-dev-netflixclone",
      "type": "string"
    },
    "kubeconfig": {
      "value": "https://DD19ED9DD760310756D817576A0F7B16.gr7.us-east-1.eks.amazonaws.com",
      "type": "string"
    },
    "subnet_ids": {
      "value": [
        "subnet-02151cc2cf8bbd319",
        "subnet-035ce016dfbf79e5d"
      ],
      "type": [
        "tuple",
        [
          "string",
          "string"
        ]
      ]
    },
    "vpc_id": {
      "value": "vpc-0a4224a6d1a9fd718",
      "type": "string"
    }
  },
  "resources": [
    {
      "mode": "data",
      "type": "aws_iam_policy_document",
      "name": "eks_cluster_assume_role_policy",
      "provider": "provider[\"registry.terraform.io/hashicorp/aws\"]",
      "instances": [
        {
          "schema_version": 0,
          "attributes": {
            "id": "742302374",
            "json": "{\n  \"Version\": \"2012-10-17\",\n  \"Statement\": [\n    {\n      \"Effect\": \"Allow\",\n      \"Action\": \"sts:AssumeRole\",\n      \"Principal\": {\n        \"Service\": \"eks.amazonaws.com\"\n      }\n    }\n  ]\n}",
            "minified_json": "{\"Version\":\"2012-10-17\",\"Statement\":[{\"Effect\":\"Allow\",\"Action\":\"sts:AssumeRole\",\"Principal\":{\"Service\":\"eks.amazonaws.com\"}}]}",
            "override_json": null,
            "override_policy_documents": null,
            "policy_id": null,
            "source_json": null,
            "source_policy_documents": null,
            "statement": [
              {
                "actions": [
                  "sts:AssumeRole"
                ],
                "condition": [],
                "effect": "Allow",
                "not_actions": [],
                "not_principals": [],
                "not_resources": [],
                "principals": [
                  {
                    "identifiers": [
                      "eks.amazonaws.com"
                    ],
                    "type": "Service"
                  }
                ],
                "resources": [],
                "sid": ""
              }
            ],
            "version": "2012-10-17"
          },
          "sensitive_attributes": []
        }
      ]
    },
    {
      "mode": "managed",
      "type": "aws_ecs_cluster",
      "name": "netflix_clone_cluster",
      "provider": "provider[\"registry.terraform.io/hashicorp/aws\"]",
      "instances": [
        {
          "schema_version": 0,
          "attributes": {
            "arn": "arn:aws:ecs:us-east-1:255945442255:cluster/ce5-group-3-ecs-cluster-dev-netflixclone",
            "configuration": [],
            "id": "arn:aws:ecs:us-east-1:255945442255:cluster/ce5-group-3-ecs-cluster-dev-netflixclone",
            "name": "ce5-group-3-ecs-cluster-dev-netflixclone",
            "service_connect_defaults": [],
            "setting": [
              {
                "name": "containerInsights",
                "value": "disabled"
              }
            ],
            "tags": null,
            "tags_all": {}
          },
          "sensitive_attributes": [],
          "private": "bnVsbA=="
        }
      ]
    },
    {
      "mode": "managed",
      "type": "aws_ecs_service",
      "name": "netflix_clone_service",
      "provider": "provider[\"registry.terraform.io/hashicorp/aws\"]",
      "instances": [
        {
          "schema_version": 0,
          "attributes": {
            "alarms": [],
            "capacity_provider_strategy": [],
            "cluster": "arn:aws:ecs:us-east-1:255945442255:cluster/ce5-group-3-ecs-cluster-dev-netflixclone",
            "deployment_circuit_breaker": [
              {
                "enable": false,
                "rollback": false
              }
            ],
            "deployment_controller": [
              {
                "type": "ECS"
              }
            ],
            "deployment_maximum_percent": 200,
            "deployment_minimum_healthy_percent": 100,
            "desired_count": 1,
            "enable_ecs_managed_tags": false,
            "enable_execute_command": false,
            "force_new_deployment": null,
            "health_check_grace_period_seconds": 0,
            "iam_role": "/aws-service-role/ecs.amazonaws.com/AWSServiceRoleForECS",
            "id": "arn:aws:ecs:us-east-1:255945442255:service/ce5-group-3-ecs-cluster-dev-netflixclone/ce5-group-3-ecs-service-dev-netflixclone",
            "launch_type": "FARGATE",
            "load_balancer": [],
            "name": "ce5-group-3-ecs-service-dev-netflixclone",
            "network_configuration": [
              {
                "assign_public_ip": true,
                "security_groups": null,
                "subnets": [
                  "subnet-02151cc2cf8bbd319",
                  "subnet-035ce016dfbf79e5d"
                ]
              }
            ],
            "ordered_placement_strategy": [],
            "placement_constraints": [],
            "platform_version": "LATEST",
            "propagate_tags": "NONE",
            "scheduling_strategy": "REPLICA",
            "service_connect_configuration": [],
            "service_registries": [],
            "tags": null,
            "tags_all": {},
            "task_definition": "arn:aws:ecs:us-east-1:255945442255:task-definition/ce5-group-3-ecs-task-dev-netflixclone:10",
            "timeouts": null,
            "triggers": {},
            "volume_configuration": [],
            "wait_for_steady_state": false
          },
          "sensitive_attributes": [],
          "private": "eyJlMmJmYjczMC1lY2FhLTExZTYtOGY4OC0zNDM2M2JjN2M0YzAiOnsiY3JlYXRlIjoxMjAwMDAwMDAwMDAwLCJkZWxldGUiOjEyMDAwMDAwMDAwMDAsInVwZGF0ZSI6MTIwMDAwMDAwMDAwMH19",
          "dependencies": [
            "aws_ecs_cluster.netflix_clone_cluster",
            "aws_ecs_task_definition.netflix_clone_task",
            "aws_iam_role.ecs_task_execution_role",
            "aws_subnet.netflix_clone_subnet_1",
            "aws_subnet.netflix_clone_subnet_2",
            "aws_vpc.netflix_clone_vpc"
          ]
        }
      ]
    },
    {
      "mode": "managed",
      "type": "aws_ecs_task_definition",
      "name": "netflix_clone_task",
      "provider": "provider[\"registry.terraform.io/hashicorp/aws\"]",
      "instances": [
        {
          "schema_version": 1,
          "attributes": {
            "arn": "arn:aws:ecs:us-east-1:255945442255:task-definition/ce5-group-3-ecs-task-dev-netflixclone:10",
            "arn_without_revision": "arn:aws:ecs:us-east-1:255945442255:task-definition/ce5-group-3-ecs-task-dev-netflixclone",
            "container_definitions": "[{\"cpu\":0,\"environment\":[],\"essential\":true,\"image\":\"m3l415072023.dkr.ecr.us-east-1.amazonaws.com/ce5-group-3-ecrrepository-dev-netflixclone:latest\",\"mountPoints\":[],\"name\":\"netflix-clone\",\"portMappings\":[{\"containerPort\":5000,\"hostPort\":5000,\"protocol\":\"tcp\"}],\"systemControls\":[],\"volumesFrom\":[]}]",
            "cpu": "256",
            "ephemeral_storage": [],
            "execution_role_arn": "arn:aws:iam::255945442255:role/ce5-group-3-ecs-task-execution-role-dev-netflixclone",
            "family": "ce5-group-3-ecs-task-dev-netflixclone",
            "id": "ce5-group-3-ecs-task-dev-netflixclone",
            "inference_accelerator": [],
            "ipc_mode": "",
            "memory": "512",
            "network_mode": "awsvpc",
            "pid_mode": "",
            "placement_constraints": [],
            "proxy_configuration": [],
            "requires_compatibilities": [
              "FARGATE"
            ],
            "revision": 10,
            "runtime_platform": [],
            "skip_destroy": false,
            "tags": null,
            "tags_all": {},
            "task_role_arn": "",
            "track_latest": false,
            "volume": []
          },
          "sensitive_attributes": [],
          "private": "eyJzY2hlbWFfdmVyc2lvbiI6IjEifQ==",
          "dependencies": [
            "aws_iam_role.ecs_task_execution_role"
          ]
        }
      ]
    },
    {
      "mode": "managed",
      "type": "aws_eks_cluster",
      "name": "eks_cluster",
      "provider": "provider[\"registry.terraform.io/hashicorp/aws\"]",
      "instances": [
        {
          "schema_version": 0,
          "attributes": {
            "access_config": [
              {
                "authentication_mode": "CONFIG_MAP",
                "bootstrap_cluster_creator_admin_permissions": false
              }
            ],
            "arn": "arn:aws:eks:us-east-1:255945442255:cluster/ce5-group-3-ekscluster-dev-netflixclone",
            "certificate_authority": [
              {
                "data": "LS0tLS1CRUdJTiBDRVJUSUZJQ0FURS0tLS0tCk1JSURCVENDQWUyZ0F3SUJBZ0lJTlY5QXpPZmY0WGd3RFFZSktvWklodmNOQVFFTEJRQXdGVEVUTUJFR0ExVUUKQXhNS2EzVmlaWEp1WlhSbGN6QWVGdzB5TkRBMU16RXhNakkwTlRoYUZ3MHpOREExTWpreE1qSTVOVGhhTUJVeApFekFSQmdOVkJBTVRDbXQxWW1WeWJtVjBaWE13Z2dFaU1BMEdDU3FHU0liM0RRRUJBUVVBQTRJQkR3QXdnZ0VLCkFvSUJBUUN0SzlUTThPZENXV1BYeWVMcFJ2Qis0akNUU2FhZ1RBVXpPdTVlNlFHMXFYdWlPMHZQTmxOVC9mN3EKUVJvc3F1WGlMa292bkgzQmFqK1Y1QTcvbDEvQlpEWFo3dVc3Um1nZHFUMjNXSWgyQ1RycHMyeU14ZEJvSnJrLwpUYXo3WjFxU2pTWGFwS09nOEhpc3o0bmhiWEp3aGptU2V1VmFEZ3o1c1NpelZmMVdQK1pLQ0krdGdsY1FVWENMClh0NE4xbFh2ejFkV0QwMFVIdzhNbDFFLzZkUHdMbk9aY1cyMFZ4SVlrRWlXa0E3QkRJSDFwWnJ3SktRYlpSeEsKcTAvaVovNWs2WkF0ZU5JeGNVdGNwQXozaUpKc1d0bWF5bGNrZ2NrKzNnbTNxb0dvWi9aUGJOWHNHUyt3M2xRKwpqRDNQMy92ZHNjTkd0UWt0OVo1ck9EZGd1a2JqQWdNQkFBR2pXVEJYTUE0R0ExVWREd0VCL3dRRUF3SUNwREFQCkJnTlZIUk1CQWY4RUJUQURBUUgvTUIwR0ExVWREZ1FXQkJTNnhPeTNOTFJHQmpHZTNMTy9FKzVNdi9FNHdUQVYKQmdOVkhSRUVEakFNZ2dwcmRXSmxjbTVsZEdWek1BMEdDU3FHU0liM0RRRUJDd1VBQTRJQkFRQjg5dUlyNk1hYgpVSFZsdUJGc04zY0plZVVqVTlOZjRIdktIeEZvNFRjR1hCM2FGWGpob3VzUmFmZkFqUFM4UUN1S09iQzZ6SkFCCnl6cVUrYy9CYWI4TjVuRlRWRXFlVGQ0U0svQWRXSDFkYlBEbS9oWjlLZnBkWUZ4VHBGT2MvRUtTMGpPL3ZCR3IKZzF0VDFXa3RBRjVXYzlWUmZYNXQyMHRDK0cvMTkwNDNCTTNpYnlROTNiaElyUkMzeHRKYkkyWDZONjhiK1U2Ygp0WmZXZEExcUp1Y3Aya0RPTTVjOEVreDMrOW5sVGFvdUp3eWRhV0V4aGhlL1hwaXZPa0Ixb25BRHRBWElGTzljCm1oM09XTExxNzd4R3NRTnh5bTdScGxVY0JFUmUvdDdyWlpqWjU2QjVhUnZwS1ljbzlkcnVoSFdETTczYmpqN0kKT09ZWWwxaDI1cW5pCi0tLS0tRU5EIENFUlRJRklDQVRFLS0tLS0K"
              }
            ],
            "cluster_id": null,
            "created_at": "2024-05-31 12:25:11.859 +0000 UTC",
            "enabled_cluster_log_types": null,
            "encryption_config": [],
            "endpoint": "https://DD19ED9DD760310756D817576A0F7B16.gr7.us-east-1.eks.amazonaws.com",
            "id": "ce5-group-3-ekscluster-dev-netflixclone",
            "identity": [
              {
                "oidc": [
                  {
                    "issuer": "https://oidc.eks.us-east-1.amazonaws.com/id/DD19ED9DD760310756D817576A0F7B16"
                  }
                ]
              }
            ],
            "kubernetes_network_config": [
              {
                "ip_family": "ipv4",
                "service_ipv4_cidr": "172.20.0.0/16",
                "service_ipv6_cidr": ""
              }
            ],
            "name": "ce5-group-3-ekscluster-dev-netflixclone",
            "outpost_config": [],
            "platform_version": "eks.7",
            "role_arn": "arn:aws:iam::255945442255:role/ce5-group-3-eks-cluster-role-dev-netflixclone",
            "status": "ACTIVE",
            "tags": null,
            "tags_all": {},
            "timeouts": null,
            "version": "1.29",
            "vpc_config": [
              {
                "cluster_security_group_id": "sg-0ca2a3e27b66249c8",
                "endpoint_private_access": false,
                "endpoint_public_access": true,
                "public_access_cidrs": [
                  "0.0.0.0/0"
                ],
                "security_group_ids": null,
                "subnet_ids": [
                  "subnet-02151cc2cf8bbd319",
                  "subnet-035ce016dfbf79e5d"
                ],
                "vpc_id": "vpc-0a4224a6d1a9fd718"
              }
            ]
          },
          "sensitive_attributes": [],
          "private": "eyJlMmJmYjczMC1lY2FhLTExZTYtOGY4OC0zNDM2M2JjN2M0YzAiOnsiY3JlYXRlIjoxODAwMDAwMDAwMDAwLCJkZWxldGUiOjkwMDAwMDAwMDAwMCwidXBkYXRlIjozNjAwMDAwMDAwMDAwfX0=",
          "dependencies": [
            "aws_iam_role.eks_cluster_role",
            "aws_subnet.netflix_clone_subnet_1",
            "aws_subnet.netflix_clone_subnet_2",
            "aws_vpc.netflix_clone_vpc",
            "data.aws_iam_policy_document.eks_cluster_assume_role_policy"
          ]
        }
      ]
    },
    {
      "mode": "managed",
      "type": "aws_iam_role",
      "name": "ecs_task_execution_role",
      "provider": "provider[\"registry.terraform.io/hashicorp/aws\"]",
      "instances": [
        {
          "schema_version": 0,
          "attributes": {
            "arn": "arn:aws:iam::255945442255:role/ce5-group-3-ecs-task-execution-role-dev-netflixclone",
            "assume_role_policy": "{\"Statement\":[{\"Action\":\"sts:AssumeRole\",\"Effect\":\"Allow\",\"Principal\":{\"Service\":\"ecs-tasks.amazonaws.com\"}}],\"Version\":\"2012-10-17\"}",
            "create_date": "2024-05-31T12:25:04Z",
            "description": "",
            "force_detach_policies": false,
            "id": "ce5-group-3-ecs-task-execution-role-dev-netflixclone",
            "inline_policy": [],
            "managed_policy_arns": [],
            "max_session_duration": 3600,
            "name": "ce5-group-3-ecs-task-execution-role-dev-netflixclone",
            "name_prefix": "",
            "path": "/",
            "permissions_boundary": "",
            "tags": null,
            "tags_all": {},
            "unique_id": "AROATXF4JQPH6JZSR7R45"
          },
          "sensitive_attributes": [],
          "private": "bnVsbA=="
        }
      ]
    },
    {
      "mode": "managed",
      "type": "aws_iam_role",
      "name": "eks_cluster_role",
      "provider": "provider[\"registry.terraform.io/hashicorp/aws\"]",
      "instances": [
        {
          "schema_version": 0,
          "attributes": {
            "arn": "arn:aws:iam::255945442255:role/ce5-group-3-eks-cluster-role-dev-netflixclone",
            "assume_role_policy": "{\"Statement\":[{\"Action\":\"sts:AssumeRole\",\"Effect\":\"Allow\",\"Principal\":{\"Service\":\"eks.amazonaws.com\"}}],\"Version\":\"2012-10-17\"}",
            "create_date": "2024-05-31T12:25:04Z",
            "description": "",
            "force_detach_policies": false,
            "id": "ce5-group-3-eks-cluster-role-dev-netflixclone",
            "inline_policy": [],
            "managed_policy_arns": [],
            "max_session_duration": 3600,
            "name": "ce5-group-3-eks-cluster-role-dev-netflixclone",
            "name_prefix": "",
            "path": "/",
            "permissions_boundary": "",
            "tags": null,
            "tags_all": {},
            "unique_id": "AROATXF4JQPH6H22PCGKZ"
          },
          "sensitive_attributes": [],
          "private": "bnVsbA==",
          "dependencies": [
            "data.aws_iam_policy_document.eks_cluster_assume_role_policy"
          ]
        }
      ]
    },
    {
      "mode": "managed",
      "type": "aws_iam_role_policy_attachment",
      "name": "ecs_task_execution_policy",
      "provider": "provider[\"registry.terraform.io/hashicorp/aws\"]",
      "instances": [
        {
          "schema_version": 0,
          "attributes": {
            "id": "ce5-group-3-ecs-task-execution-role-dev-netflixclone-20240531122507053400000003",
            "policy_arn": "arn:aws:iam::aws:policy/service-role/AmazonECSTaskExecutionRolePolicy",
            "role": "ce5-group-3-ecs-task-execution-role-dev-netflixclone"
          },
          "sensitive_attributes": [],
          "private": "bnVsbA==",
          "dependencies": [
            "aws_iam_role.ecs_task_execution_role"
          ]
        }
      ]
    },
    {
      "mode": "managed",
      "type": "aws_iam_role_policy_attachment",
      "name": "eks_cluster_policy",
      "provider": "provider[\"registry.terraform.io/hashicorp/aws\"]",
      "instances": [
        {
          "schema_version": 0,
          "attributes": {
            "id": "ce5-group-3-eks-cluster-role-dev-netflixclone-20240531122506887700000002",
            "policy_arn": "arn:aws:iam::aws:policy/AmazonEKSClusterPolicy",
            "role": "ce5-group-3-eks-cluster-role-dev-netflixclone"
          },
          "sensitive_attributes": [],
          "private": "bnVsbA==",
          "dependencies": [
            "aws_iam_role.eks_cluster_role",
            "data.aws_iam_policy_document.eks_cluster_assume_role_policy"
          ]
        }
      ]
    },
    {
      "mode": "managed",
      "type": "aws_iam_role_policy_attachment",
      "name": "eks_service_policy",
      "provider": "provider[\"registry.terraform.io/hashicorp/aws\"]",
      "instances": [
        {
          "schema_version": 0,
          "attributes": {
            "id": "ce5-group-3-eks-cluster-role-dev-netflixclone-20240531122506870400000001",
            "policy_arn": "arn:aws:iam::aws:policy/AmazonEKSServicePolicy",
            "role": "ce5-group-3-eks-cluster-role-dev-netflixclone"
          },
          "sensitive_attributes": [],
          "private": "bnVsbA==",
          "dependencies": [
            "aws_iam_role.eks_cluster_role",
            "data.aws_iam_policy_document.eks_cluster_assume_role_policy"
          ]
        }
      ]
    },
    {
      "mode": "managed",
      "type": "aws_subnet",
      "name": "netflix_clone_subnet_1",
      "provider": "provider[\"registry.terraform.io/hashicorp/aws\"]",
      "instances": [
        {
          "schema_version": 1,
          "attributes": {
            "arn": "arn:aws:ec2:us-east-1:255945442255:subnet/subnet-02151cc2cf8bbd319",
            "assign_ipv6_address_on_creation": false,
            "availability_zone": "us-east-1a",
            "availability_zone_id": "use1-az1",
            "cidr_block": "10.0.1.0/24",
            "customer_owned_ipv4_pool": "",
            "enable_dns64": false,
            "enable_lni_at_device_index": 0,
            "enable_resource_name_dns_a_record_on_launch": false,
            "enable_resource_name_dns_aaaa_record_on_launch": false,
            "id": "subnet-02151cc2cf8bbd319",
            "ipv6_cidr_block": "",
            "ipv6_cidr_block_association_id": "",
            "ipv6_native": false,
            "map_customer_owned_ip_on_launch": false,
            "map_public_ip_on_launch": false,
            "outpost_arn": "",
            "owner_id": "255945442255",
            "private_dns_hostname_type_on_launch": "ip-name",
            "tags": {
              "Name": "ce5-group-3-subnet1-dev-netflixclone"
            },
            "tags_all": {
              "Name": "ce5-group-3-subnet1-dev-netflixclone"
            },
            "timeouts": null,
            "vpc_id": "vpc-0a4224a6d1a9fd718"
          },
          "sensitive_attributes": [],
          "private": "eyJlMmJmYjczMC1lY2FhLTExZTYtOGY4OC0zNDM2M2JjN2M0YzAiOnsiY3JlYXRlIjo2MDAwMDAwMDAwMDAsImRlbGV0ZSI6MTIwMDAwMDAwMDAwMH0sInNjaGVtYV92ZXJzaW9uIjoiMSJ9",
          "dependencies": [
            "aws_vpc.netflix_clone_vpc"
          ]
        }
      ]
    },
    {
      "mode": "managed",
      "type": "aws_subnet",
      "name": "netflix_clone_subnet_2",
      "provider": "provider[\"registry.terraform.io/hashicorp/aws\"]",
      "instances": [
        {
          "schema_version": 1,
          "attributes": {
            "arn": "arn:aws:ec2:us-east-1:255945442255:subnet/subnet-035ce016dfbf79e5d",
            "assign_ipv6_address_on_creation": false,
            "availability_zone": "us-east-1b",
            "availability_zone_id": "use1-az2",
            "cidr_block": "10.0.2.0/24",
            "customer_owned_ipv4_pool": "",
            "enable_dns64": false,
            "enable_lni_at_device_index": 0,
            "enable_resource_name_dns_a_record_on_launch": false,
            "enable_resource_name_dns_aaaa_record_on_launch": false,
            "id": "subnet-035ce016dfbf79e5d",
            "ipv6_cidr_block": "",
            "ipv6_cidr_block_association_id": "",
            "ipv6_native": false,
            "map_customer_owned_ip_on_launch": false,
            "map_public_ip_on_launch": false,
            "outpost_arn": "",
            "owner_id": "255945442255",
            "private_dns_hostname_type_on_launch": "ip-name",
            "tags": {
              "Name": "ce5-group-3-subnet2-dev-netflixclone"
            },
            "tags_all": {
              "Name": "ce5-group-3-subnet2-dev-netflixclone"
            },
            "timeouts": null,
            "vpc_id": "vpc-0a4224a6d1a9fd718"
          },
          "sensitive_attributes": [],
          "private": "eyJlMmJmYjczMC1lY2FhLTExZTYtOGY4OC0zNDM2M2JjN2M0YzAiOnsiY3JlYXRlIjo2MDAwMDAwMDAwMDAsImRlbGV0ZSI6MTIwMDAwMDAwMDAwMH0sInNjaGVtYV92ZXJzaW9uIjoiMSJ9",
          "dependencies": [
            "aws_vpc.netflix_clone_vpc"
          ]
        }
      ]
    },
    {
      "mode": "managed",
      "type": "aws_vpc",
      "name": "netflix_clone_vpc",
      "provider": "provider[\"registry.terraform.io/hashicorp/aws\"]",
      "instances": [
        {
          "schema_version": 1,
          "attributes": {
            "arn": "arn:aws:ec2:us-east-1:255945442255:vpc/vpc-0a4224a6d1a9fd718",
            "assign_generated_ipv6_cidr_block": false,
            "cidr_block": "10.0.0.0/16",
            "default_network_acl_id": "acl-0048ce2544badf743",
            "default_route_table_id": "rtb-0cafd3207668ff3bc",
            "default_security_group_id": "sg-07c6061cd98f9f4fc",
            "dhcp_options_id": "dopt-09bf1fcd72f5c4665",
            "enable_dns_hostnames": false,
            "enable_dns_support": true,
            "enable_network_address_usage_metrics": false,
            "id": "vpc-0a4224a6d1a9fd718",
            "instance_tenancy": "default",
            "ipv4_ipam_pool_id": null,
            "ipv4_netmask_length": null,
            "ipv6_association_id": "",
            "ipv6_cidr_block": "",
            "ipv6_cidr_block_network_border_group": "",
            "ipv6_ipam_pool_id": "",
            "ipv6_netmask_length": 0,
            "main_route_table_id": "rtb-0cafd3207668ff3bc",
            "owner_id": "255945442255",
            "tags": {
              "Name": "ce5-group-3-vpc-dev-netflixclone"
            },
            "tags_all": {
              "Name": "ce5-group-3-vpc-dev-netflixclone"
            }
          },
          "sensitive_attributes": [],
          "private": "eyJzY2hlbWFfdmVyc2lvbiI6IjEifQ=="
        }
      ]
    }
  ],
  "check_results": null
}
